
Microsoft Visual Studio Solution File, Format Version 12.00
# Visual Studio Version 17
VisualStudioVersion = 17.2.32602.215
MinimumVisualStudioVersion = 10.0.40219.1
Project("{FAE04EC0-301F-11D3-BF4B-00C04F79EFBC}") = "helpdesk_be", "helpdesk_be\helpdesk_be.csproj", "{348AF0C7-3718-4A2A-AB57-43E3E02D266F}"
EndProject
Global
	GlobalSection(SolutionConfigurationPlatforms) = preSolution
		Debug|Any CPU = Debug|Any CPU
		Release|Any CPU = Release|Any CPU
	EndGlobalSection
	GlobalSection(ProjectConfigurationPlatforms) = postSolution
		{348AF0C7-3718-4A2A-AB57-43E3E02D266F}.Debug|Any CPU.ActiveCfg = Debug|Any CPU
		{348AF0C7-3718-4A2A-AB57-43E3E02D266F}.Debug|Any CPU.Build.0 = Debug|Any CPU
		{348AF0C7-3718-4A2A-AB57-43E3E02D266F}.Release|Any CPU.ActiveCfg = Release|Any CPU
		{348AF0C7-3718-4A2A-AB57-43E3E02D266F}.Release|Any CPU.Build.0 = Release|Any CPU
	EndGlobalSection
	GlobalSection(SolutionProperties) = preSolution
		HideSolutionNode = FALSE
	EndGlobalSection
	GlobalSection(ExtensibilityGlobals) = postSolution
		SolutionGuid = {A32F2DAD-E5D2-4558-8D6A-FF535B831B1B}
	EndGlobalSection
EndGlobal
